
Microsoft Visual Studio Solution File, Format Version 12.00
# Visual Studio Version 16
VisualStudioVersion = 16.0.29806.167
MinimumVisualStudioVersion = 10.0.40219.1
Project("{FAE04EC0-301F-11D3-BF4B-00C04F79EFBC}") = "MediaBalans", "MediaBalans\MediaBalans.csproj", "{DFB593C7-A86E-4245-A2A3-7BE4F507539E}"
EndProject
Global
	GlobalSection(SolutionConfigurationPlatforms) = preSolution
		Debug|Any CPU = Debug|Any CPU
		Release|Any CPU = Release|Any CPU
	EndGlobalSection
	GlobalSection(ProjectConfigurationPlatforms) = postSolution
		{DFB593C7-A86E-4245-A2A3-7BE4F507539E}.Debug|Any CPU.ActiveCfg = Debug|Any CPU
		{DFB593C7-A86E-4245-A2A3-7BE4F507539E}.Debug|Any CPU.Build.0 = Debug|Any CPU
		{DFB593C7-A86E-4245-A2A3-7BE4F507539E}.Release|Any CPU.ActiveCfg = Release|Any CPU
		{DFB593C7-A86E-4245-A2A3-7BE4F507539E}.Release|Any CPU.Build.0 = Release|Any CPU
	EndGlobalSection
	GlobalSection(SolutionProperties) = preSolution
		HideSolutionNode = FALSE
	EndGlobalSection
	GlobalSection(ExtensibilityGlobals) = postSolution
		SolutionGuid = {93137984-1CB5-4C8F-A7FB-9AA79200A51D}
	EndGlobalSection
EndGlobal
